
Microsoft Visual Studio Solution File, Format Version 12.00
# Visual Studio Version 17
VisualStudioVersion = 17.9.34622.214
MinimumVisualStudioVersion = 10.0.40219.1
Project("{FAE04EC0-301F-11D3-BF4B-00C04F79EFBC}") = "StudentMVC", "StudentMVC\StudentMVC.csproj", "{94A4C4FC-32A6-48E9-B34D-D7B16FBE8BB9}"
EndProject
Global
	GlobalSection(SolutionConfigurationPlatforms) = preSolution
		Debug|Any CPU = Debug|Any CPU
		Release|Any CPU = Release|Any CPU
	EndGlobalSection
	GlobalSection(ProjectConfigurationPlatforms) = postSolution
		{94A4C4FC-32A6-48E9-B34D-D7B16FBE8BB9}.Debug|Any CPU.ActiveCfg = Debug|Any CPU
		{94A4C4FC-32A6-48E9-B34D-D7B16FBE8BB9}.Debug|Any CPU.Build.0 = Debug|Any CPU
		{94A4C4FC-32A6-48E9-B34D-D7B16FBE8BB9}.Release|Any CPU.ActiveCfg = Release|Any CPU
		{94A4C4FC-32A6-48E9-B34D-D7B16FBE8BB9}.Release|Any CPU.Build.0 = Release|Any CPU
	EndGlobalSection
	GlobalSection(SolutionProperties) = preSolution
		HideSolutionNode = FALSE
	EndGlobalSection
	GlobalSection(ExtensibilityGlobals) = postSolution
		SolutionGuid = {744422AF-D36E-4D1B-8B59-D79E360EF1EE}
	EndGlobalSection
EndGlobal
